
Microsoft Visual Studio Solution File, Format Version 12.00
# Visual Studio Version 17
VisualStudioVersion = 17.0.32126.317
MinimumVisualStudioVersion = 10.0.40219.1
Project("{9A19103F-16F7-4668-BE54-9A1E7A4F7556}") = "UPOSControl", "UPOSControl\UPOSControl.csproj", "{41BBD8D4-7ADD-4A3B-B538-A5AFD84BA403}"
EndProject
Global
	GlobalSection(SolutionConfigurationPlatforms) = preSolution
		Debug|Any CPU = Debug|Any CPU
		Release|Any CPU = Release|Any CPU
	EndGlobalSection
	GlobalSection(ProjectConfigurationPlatforms) = postSolution
		{41BBD8D4-7ADD-4A3B-B538-A5AFD84BA403}.Debug|Any CPU.ActiveCfg = Debug|Any CPU
		{41BBD8D4-7ADD-4A3B-B538-A5AFD84BA403}.Debug|Any CPU.Build.0 = Debug|Any CPU
		{41BBD8D4-7ADD-4A3B-B538-A5AFD84BA403}.Release|Any CPU.ActiveCfg = Release|Any CPU
		{41BBD8D4-7ADD-4A3B-B538-A5AFD84BA403}.Release|Any CPU.Build.0 = Release|Any CPU
	EndGlobalSection
	GlobalSection(SolutionProperties) = preSolution
		HideSolutionNode = FALSE
	EndGlobalSection
	GlobalSection(ExtensibilityGlobals) = postSolution
		SolutionGuid = {8EC617BF-0FB9-4D3F-AF1F-9EC91F4F2FC5}
	EndGlobalSection
EndGlobal
